
Microsoft Visual Studio Solution File, Format Version 12.00
# Visual Studio Version 17
VisualStudioVersion = 17.7.34031.279
MinimumVisualStudioVersion = 10.0.40219.1
Project("{2150E333-8FDC-42A3-9474-1A3956D46DE8}") = "Services", "Services", "{969FAFE8-C0D7-4DF9-A420-D360941E9D56}"
EndProject
Project("{2150E333-8FDC-42A3-9474-1A3956D46DE8}") = "Catalog", "Catalog", "{8E3B5748-43C8-427B-8B4E-06CCFFC9A427}"
EndProject
Project("{9A19103F-16F7-4668-BE54-9A1E7A4F7556}") = "Catalog.API", "Services\Catalog\Catalog.API\Catalog.API.csproj", "{D91264CD-40CF-4EC3-8165-981F0FCD2E40}"
EndProject
Project("{E53339B2-1760-4266-BCC7-CA923CBCF16C}") = "docker-compose", "docker-compose.dcproj", "{634AEC42-038D-40CC-9DBB-59808CDC547E}"
EndProject
Project("{2150E333-8FDC-42A3-9474-1A3956D46DE8}") = "Basket", "Basket", "{A3862DDE-A62B-4E47-969C-30CD26AD524F}"
EndProject
Project("{9A19103F-16F7-4668-BE54-9A1E7A4F7556}") = "Basket.API", "Services\Basket\Basket.API\Basket.API.csproj", "{92C44D11-44FA-44EE-ABD3-7EC415950494}"
EndProject
Project("{2150E333-8FDC-42A3-9474-1A3956D46DE8}") = "Discount", "Discount", "{05BCA6F9-E365-4C03-946D-65F764428508}"
EndProject
Project("{9A19103F-16F7-4668-BE54-9A1E7A4F7556}") = "Discount.API", "Services\Discount\Discount.API\Discount.API.csproj", "{151D746C-8788-4AEB-AA92-A0BBB0781AF4}"
EndProject
Project("{9A19103F-16F7-4668-BE54-9A1E7A4F7556}") = "Discount.Grpc", "Services\Discount\Discount.Grpc\Discount.Grpc.csproj", "{634B5B2E-1BB8-4B6A-8B52-85F665FC6F40}"
EndProject
Project("{2150E333-8FDC-42A3-9474-1A3956D46DE8}") = "Ordering", "Ordering", "{645CBA30-D2AA-42A3-BD1E-7A4B2613DC7A}"
EndProject
Project("{FAE04EC0-301F-11D3-BF4B-00C04F79EFBC}") = "Ordering.API", "Services\Ordering\Ordering.API\Ordering.API.csproj", "{6F48CD74-3AD9-4B39-BF3D-F65D1798016C}"
EndProject
Project("{FAE04EC0-301F-11D3-BF4B-00C04F79EFBC}") = "Ordering.Domain", "Services\Ordering\Ordering.Domain\Ordering.Domain.csproj", "{08851B89-6BBF-4245-9A80-012E4848EC6B}"
EndProject
Project("{FAE04EC0-301F-11D3-BF4B-00C04F79EFBC}") = "Ordering.Application", "Services\Ordering\Ordering.Application\Ordering.Application.csproj", "{AA8A5578-A761-4C03-B0A2-72F408479562}"
EndProject
Project("{FAE04EC0-301F-11D3-BF4B-00C04F79EFBC}") = "Ordering.Infrastructure", "Services\Ordering\Ordering.Infrastructure\Ordering.Infrastructure.csproj", "{6CFBA79F-41AC-4246-A1FC-58A9328CFCD6}"
EndProject
Global
	GlobalSection(SolutionConfigurationPlatforms) = preSolution
		Debug|Any CPU = Debug|Any CPU
		Release|Any CPU = Release|Any CPU
	EndGlobalSection
	GlobalSection(ProjectConfigurationPlatforms) = postSolution
		{D91264CD-40CF-4EC3-8165-981F0FCD2E40}.Debug|Any CPU.ActiveCfg = Debug|Any CPU
		{D91264CD-40CF-4EC3-8165-981F0FCD2E40}.Debug|Any CPU.Build.0 = Debug|Any CPU
		{D91264CD-40CF-4EC3-8165-981F0FCD2E40}.Release|Any CPU.ActiveCfg = Release|Any CPU
		{D91264CD-40CF-4EC3-8165-981F0FCD2E40}.Release|Any CPU.Build.0 = Release|Any CPU
		{634AEC42-038D-40CC-9DBB-59808CDC547E}.Debug|Any CPU.ActiveCfg = Debug|Any CPU
		{634AEC42-038D-40CC-9DBB-59808CDC547E}.Debug|Any CPU.Build.0 = Debug|Any CPU
		{634AEC42-038D-40CC-9DBB-59808CDC547E}.Release|Any CPU.ActiveCfg = Release|Any CPU
		{634AEC42-038D-40CC-9DBB-59808CDC547E}.Release|Any CPU.Build.0 = Release|Any CPU
		{92C44D11-44FA-44EE-ABD3-7EC415950494}.Debug|Any CPU.ActiveCfg = Debug|Any CPU
		{92C44D11-44FA-44EE-ABD3-7EC415950494}.Debug|Any CPU.Build.0 = Debug|Any CPU
		{92C44D11-44FA-44EE-ABD3-7EC415950494}.Release|Any CPU.ActiveCfg = Release|Any CPU
		{92C44D11-44FA-44EE-ABD3-7EC415950494}.Release|Any CPU.Build.0 = Release|Any CPU
		{151D746C-8788-4AEB-AA92-A0BBB0781AF4}.Debug|Any CPU.ActiveCfg = Debug|Any CPU
		{151D746C-8788-4AEB-AA92-A0BBB0781AF4}.Debug|Any CPU.Build.0 = Debug|Any CPU
		{151D746C-8788-4AEB-AA92-A0BBB0781AF4}.Release|Any CPU.ActiveCfg = Release|Any CPU
		{151D746C-8788-4AEB-AA92-A0BBB0781AF4}.Release|Any CPU.Build.0 = Release|Any CPU
		{634B5B2E-1BB8-4B6A-8B52-85F665FC6F40}.Debug|Any CPU.ActiveCfg = Debug|Any CPU
		{634B5B2E-1BB8-4B6A-8B52-85F665FC6F40}.Debug|Any CPU.Build.0 = Debug|Any CPU
		{634B5B2E-1BB8-4B6A-8B52-85F665FC6F40}.Release|Any CPU.ActiveCfg = Release|Any CPU
		{634B5B2E-1BB8-4B6A-8B52-85F665FC6F40}.Release|Any CPU.Build.0 = Release|Any CPU
		{6F48CD74-3AD9-4B39-BF3D-F65D1798016C}.Debug|Any CPU.ActiveCfg = Debug|Any CPU
		{6F48CD74-3AD9-4B39-BF3D-F65D1798016C}.Debug|Any CPU.Build.0 = Debug|Any CPU
		{6F48CD74-3AD9-4B39-BF3D-F65D1798016C}.Release|Any CPU.ActiveCfg = Release|Any CPU
		{6F48CD74-3AD9-4B39-BF3D-F65D1798016C}.Release|Any CPU.Build.0 = Release|Any CPU
		{08851B89-6BBF-4245-9A80-012E4848EC6B}.Debug|Any CPU.ActiveCfg = Debug|Any CPU
		{08851B89-6BBF-4245-9A80-012E4848EC6B}.Debug|Any CPU.Build.0 = Debug|Any CPU
		{08851B89-6BBF-4245-9A80-012E4848EC6B}.Release|Any CPU.ActiveCfg = Release|Any CPU
		{08851B89-6BBF-4245-9A80-012E4848EC6B}.Release|Any CPU.Build.0 = Release|Any CPU
		{AA8A5578-A761-4C03-B0A2-72F408479562}.Debug|Any CPU.ActiveCfg = Debug|Any CPU
		{AA8A5578-A761-4C03-B0A2-72F408479562}.Debug|Any CPU.Build.0 = Debug|Any CPU
		{AA8A5578-A761-4C03-B0A2-72F408479562}.Release|Any CPU.ActiveCfg = Release|Any CPU
		{AA8A5578-A761-4C03-B0A2-72F408479562}.Release|Any CPU.Build.0 = Release|Any CPU
		{6CFBA79F-41AC-4246-A1FC-58A9328CFCD6}.Debug|Any CPU.ActiveCfg = Debug|Any CPU
		{6CFBA79F-41AC-4246-A1FC-58A9328CFCD6}.Debug|Any CPU.Build.0 = Debug|Any CPU
		{6CFBA79F-41AC-4246-A1FC-58A9328CFCD6}.Release|Any CPU.ActiveCfg = Release|Any CPU
		{6CFBA79F-41AC-4246-A1FC-58A9328CFCD6}.Release|Any CPU.Build.0 = Release|Any CPU
	EndGlobalSection
	GlobalSection(SolutionProperties) = preSolution
		HideSolutionNode = FALSE
	EndGlobalSection
	GlobalSection(NestedProjects) = preSolution
		{8E3B5748-43C8-427B-8B4E-06CCFFC9A427} = {969FAFE8-C0D7-4DF9-A420-D360941E9D56}
		{D91264CD-40CF-4EC3-8165-981F0FCD2E40} = {8E3B5748-43C8-427B-8B4E-06CCFFC9A427}
		{A3862DDE-A62B-4E47-969C-30CD26AD524F} = {969FAFE8-C0D7-4DF9-A420-D360941E9D56}
		{92C44D11-44FA-44EE-ABD3-7EC415950494} = {A3862DDE-A62B-4E47-969C-30CD26AD524F}
		{05BCA6F9-E365-4C03-946D-65F764428508} = {969FAFE8-C0D7-4DF9-A420-D360941E9D56}
		{151D746C-8788-4AEB-AA92-A0BBB0781AF4} = {05BCA6F9-E365-4C03-946D-65F764428508}
		{634B5B2E-1BB8-4B6A-8B52-85F665FC6F40} = {05BCA6F9-E365-4C03-946D-65F764428508}
		{645CBA30-D2AA-42A3-BD1E-7A4B2613DC7A} = {969FAFE8-C0D7-4DF9-A420-D360941E9D56}
		{6F48CD74-3AD9-4B39-BF3D-F65D1798016C} = {645CBA30-D2AA-42A3-BD1E-7A4B2613DC7A}
		{08851B89-6BBF-4245-9A80-012E4848EC6B} = {645CBA30-D2AA-42A3-BD1E-7A4B2613DC7A}
		{AA8A5578-A761-4C03-B0A2-72F408479562} = {645CBA30-D2AA-42A3-BD1E-7A4B2613DC7A}
		{6CFBA79F-41AC-4246-A1FC-58A9328CFCD6} = {645CBA30-D2AA-42A3-BD1E-7A4B2613DC7A}
	EndGlobalSection
	GlobalSection(ExtensibilityGlobals) = postSolution
		SolutionGuid = {6CA6BA89-434D-482C-9068-51107A5AE58B}
	EndGlobalSection
EndGlobal
